
Microsoft Visual Studio Solution File, Format Version 12.00
# Visual Studio Version 17
VisualStudioVersion = 17.8.34309.116
MinimumVisualStudioVersion = 10.0.40219.1
Project("{FAE04EC0-301F-11D3-BF4B-00C04F79EFBC}") = "Task1", "LabWork7\Task1.csproj", "{4FDF350B-2340-4455-9DBF-270C50C19924}"
EndProject
Global
	GlobalSection(SolutionConfigurationPlatforms) = preSolution
		Debug|Any CPU = Debug|Any CPU
		Release|Any CPU = Release|Any CPU
	EndGlobalSection
	GlobalSection(ProjectConfigurationPlatforms) = postSolution
		{4FDF350B-2340-4455-9DBF-270C50C19924}.Debug|Any CPU.ActiveCfg = Debug|Any CPU
		{4FDF350B-2340-4455-9DBF-270C50C19924}.Debug|Any CPU.Build.0 = Debug|Any CPU
		{4FDF350B-2340-4455-9DBF-270C50C19924}.Release|Any CPU.ActiveCfg = Release|Any CPU
		{4FDF350B-2340-4455-9DBF-270C50C19924}.Release|Any CPU.Build.0 = Release|Any CPU
	EndGlobalSection
	GlobalSection(SolutionProperties) = preSolution
		HideSolutionNode = FALSE
	EndGlobalSection
	GlobalSection(ExtensibilityGlobals) = postSolution
		SolutionGuid = {B274EF3A-954D-44F5-A38B-FDD01E3413ED}
	EndGlobalSection
EndGlobal
